
Microsoft Visual Studio Solution File, Format Version 12.00
# Visual Studio Version 17
VisualStudioVersion = 17.2.32516.85
MinimumVisualStudioVersion = 10.0.40219.1
Project("{9A19103F-16F7-4668-BE54-9A1E7A4F7556}") = "VirtuMath", "VirtuMath.csproj", "{DC7534C9-75F9-4051-94ED-7DDFB866B6A3}"
EndProject
Global
	GlobalSection(SolutionConfigurationPlatforms) = preSolution
		Debug|Any CPU = Debug|Any CPU
		Release|Any CPU = Release|Any CPU
	EndGlobalSection
	GlobalSection(ProjectConfigurationPlatforms) = postSolution
		{DC7534C9-75F9-4051-94ED-7DDFB866B6A3}.Debug|Any CPU.ActiveCfg = Debug|Any CPU
		{DC7534C9-75F9-4051-94ED-7DDFB866B6A3}.Debug|Any CPU.Build.0 = Debug|Any CPU
		{DC7534C9-75F9-4051-94ED-7DDFB866B6A3}.Release|Any CPU.ActiveCfg = Release|Any CPU
		{DC7534C9-75F9-4051-94ED-7DDFB866B6A3}.Release|Any CPU.Build.0 = Release|Any CPU
	EndGlobalSection
	GlobalSection(SolutionProperties) = preSolution
		HideSolutionNode = FALSE
	EndGlobalSection
	GlobalSection(ExtensibilityGlobals) = postSolution
		SolutionGuid = {15DBD86B-27E4-4FE9-B81D-FCAEC750BCC5}
	EndGlobalSection
EndGlobal
